
Microsoft Visual Studio Solution File, Format Version 12.00
# Visual Studio Version 17
VisualStudioVersion = 17.11.35312.102
MinimumVisualStudioVersion = 10.0.40219.1
Project("{FAE04EC0-301F-11D3-BF4B-00C04F79EFBC}") = "Company.G03.PL", "Company.G03.PL\Company.G03.PL.csproj", "{5293E9C2-2DD8-43B1-9036-2E95E5D24642}"
EndProject
Project("{FAE04EC0-301F-11D3-BF4B-00C04F79EFBC}") = "Company.G03.DAL", "Company.G03.DAL\Company.G03.DAL.csproj", "{8065C242-1813-42BA-9BC1-08C016D5BC83}"
EndProject
Project("{FAE04EC0-301F-11D3-BF4B-00C04F79EFBC}") = "Company.G03.BLL", "Company.G03.BLL\Company.G03.BLL.csproj", "{7403CE50-72F9-4FD6-B2CA-B5A08A347EAB}"
EndProject
Global
	GlobalSection(SolutionConfigurationPlatforms) = preSolution
		Debug|Any CPU = Debug|Any CPU
		Release|Any CPU = Release|Any CPU
	EndGlobalSection
	GlobalSection(ProjectConfigurationPlatforms) = postSolution
		{5293E9C2-2DD8-43B1-9036-2E95E5D24642}.Debug|Any CPU.ActiveCfg = Debug|Any CPU
		{5293E9C2-2DD8-43B1-9036-2E95E5D24642}.Debug|Any CPU.Build.0 = Debug|Any CPU
		{5293E9C2-2DD8-43B1-9036-2E95E5D24642}.Release|Any CPU.ActiveCfg = Release|Any CPU
		{5293E9C2-2DD8-43B1-9036-2E95E5D24642}.Release|Any CPU.Build.0 = Release|Any CPU
		{8065C242-1813-42BA-9BC1-08C016D5BC83}.Debug|Any CPU.ActiveCfg = Debug|Any CPU
		{8065C242-1813-42BA-9BC1-08C016D5BC83}.Debug|Any CPU.Build.0 = Debug|Any CPU
		{8065C242-1813-42BA-9BC1-08C016D5BC83}.Release|Any CPU.ActiveCfg = Release|Any CPU
		{8065C242-1813-42BA-9BC1-08C016D5BC83}.Release|Any CPU.Build.0 = Release|Any CPU
		{7403CE50-72F9-4FD6-B2CA-B5A08A347EAB}.Debug|Any CPU.ActiveCfg = Debug|Any CPU
		{7403CE50-72F9-4FD6-B2CA-B5A08A347EAB}.Debug|Any CPU.Build.0 = Debug|Any CPU
		{7403CE50-72F9-4FD6-B2CA-B5A08A347EAB}.Release|Any CPU.ActiveCfg = Release|Any CPU
		{7403CE50-72F9-4FD6-B2CA-B5A08A347EAB}.Release|Any CPU.Build.0 = Release|Any CPU
	EndGlobalSection
	GlobalSection(SolutionProperties) = preSolution
		HideSolutionNode = FALSE
	EndGlobalSection
	GlobalSection(ExtensibilityGlobals) = postSolution
		SolutionGuid = {F417A2C1-9F35-4D05-BAB3-5803297B4E36}
	EndGlobalSection
EndGlobal
